
Microsoft Visual Studio Solution File, Format Version 12.00
# Visual Studio 14
VisualStudioVersion = 14.0.25420.1
MinimumVisualStudioVersion = 10.0.40219.1
Project("{00D1A9C2-B5F0-4AF3-8072-F6C62B433612}") = "IoT_DB", "IoT_DB\IoT_DB.sqlproj", "{3A26918E-2698-43BE-B94C-C51B22C425EE}"
EndProject
Project("{FAE04EC0-301F-11D3-BF4B-00C04F79EFBC}") = "IoT.Dashboard.Entities", "IoT.Dashboard.Entities\IoT.Dashboard.Entities.csproj", "{1A13631F-7158-4BE9-9B0D-F0D2BEA6DCD7}"
EndProject
Project("{FAE04EC0-301F-11D3-BF4B-00C04F79EFBC}") = "IoT.Dashboard.Data", "IoT.Dashboard.Data\IoT.Dashboard.Data.csproj", "{503F38F7-BE08-47FD-B8FD-F250F5E64B82}"
EndProject
Project("{FAE04EC0-301F-11D3-BF4B-00C04F79EFBC}") = "IoT.Dashboard.DebugApp", "IoT.Dashboard.DebugApp\IoT.Dashboard.DebugApp.csproj", "{3B75803F-CFFA-4146-8798-D616AA9AD703}"
EndProject
Project("{FAE04EC0-301F-11D3-BF4B-00C04F79EFBC}") = "IoT.Dashboard.Interfaces", "IoT.Dashboard.Interfaces\IoT.Dashboard.Interfaces.csproj", "{4B97CC62-F75E-46D1-A18C-3E315B29067E}"
EndProject
Global
	GlobalSection(SolutionConfigurationPlatforms) = preSolution
		Debug|Any CPU = Debug|Any CPU
		Release|Any CPU = Release|Any CPU
	EndGlobalSection
	GlobalSection(ProjectConfigurationPlatforms) = postSolution
		{3A26918E-2698-43BE-B94C-C51B22C425EE}.Debug|Any CPU.ActiveCfg = Debug|Any CPU
		{3A26918E-2698-43BE-B94C-C51B22C425EE}.Debug|Any CPU.Build.0 = Debug|Any CPU
		{3A26918E-2698-43BE-B94C-C51B22C425EE}.Debug|Any CPU.Deploy.0 = Debug|Any CPU
		{3A26918E-2698-43BE-B94C-C51B22C425EE}.Release|Any CPU.ActiveCfg = Release|Any CPU
		{3A26918E-2698-43BE-B94C-C51B22C425EE}.Release|Any CPU.Build.0 = Release|Any CPU
		{3A26918E-2698-43BE-B94C-C51B22C425EE}.Release|Any CPU.Deploy.0 = Release|Any CPU
		{1A13631F-7158-4BE9-9B0D-F0D2BEA6DCD7}.Debug|Any CPU.ActiveCfg = Debug|Any CPU
		{1A13631F-7158-4BE9-9B0D-F0D2BEA6DCD7}.Debug|Any CPU.Build.0 = Debug|Any CPU
		{1A13631F-7158-4BE9-9B0D-F0D2BEA6DCD7}.Release|Any CPU.ActiveCfg = Release|Any CPU
		{1A13631F-7158-4BE9-9B0D-F0D2BEA6DCD7}.Release|Any CPU.Build.0 = Release|Any CPU
		{503F38F7-BE08-47FD-B8FD-F250F5E64B82}.Debug|Any CPU.ActiveCfg = Debug|Any CPU
		{503F38F7-BE08-47FD-B8FD-F250F5E64B82}.Debug|Any CPU.Build.0 = Debug|Any CPU
		{503F38F7-BE08-47FD-B8FD-F250F5E64B82}.Release|Any CPU.ActiveCfg = Release|Any CPU
		{503F38F7-BE08-47FD-B8FD-F250F5E64B82}.Release|Any CPU.Build.0 = Release|Any CPU
		{3B75803F-CFFA-4146-8798-D616AA9AD703}.Debug|Any CPU.ActiveCfg = Debug|Any CPU
		{3B75803F-CFFA-4146-8798-D616AA9AD703}.Debug|Any CPU.Build.0 = Debug|Any CPU
		{3B75803F-CFFA-4146-8798-D616AA9AD703}.Release|Any CPU.ActiveCfg = Release|Any CPU
		{3B75803F-CFFA-4146-8798-D616AA9AD703}.Release|Any CPU.Build.0 = Release|Any CPU
		{4B97CC62-F75E-46D1-A18C-3E315B29067E}.Debug|Any CPU.ActiveCfg = Debug|Any CPU
		{4B97CC62-F75E-46D1-A18C-3E315B29067E}.Debug|Any CPU.Build.0 = Debug|Any CPU
		{4B97CC62-F75E-46D1-A18C-3E315B29067E}.Release|Any CPU.ActiveCfg = Release|Any CPU
		{4B97CC62-F75E-46D1-A18C-3E315B29067E}.Release|Any CPU.Build.0 = Release|Any CPU
	EndGlobalSection
	GlobalSection(SolutionProperties) = preSolution
		HideSolutionNode = FALSE
	EndGlobalSection
EndGlobal
